
Microsoft Visual Studio Solution File, Format Version 12.00
# Visual Studio Version 16
VisualStudioVersion = 16.0.31729.503
MinimumVisualStudioVersion = 10.0.40219.1
Project("{FAE04EC0-301F-11D3-BF4B-00C04F79EFBC}") = "CoreAPIQueue", "CoreAPIQueue\CoreAPIQueue.csproj", "{643352E0-662B-4833-8FD5-F6E09A979434}"
EndProject
Global
	GlobalSection(SolutionConfigurationPlatforms) = preSolution
		Debug|Any CPU = Debug|Any CPU
		Release|Any CPU = Release|Any CPU
	EndGlobalSection
	GlobalSection(ProjectConfigurationPlatforms) = postSolution
		{643352E0-662B-4833-8FD5-F6E09A979434}.Debug|Any CPU.ActiveCfg = Debug|Any CPU
		{643352E0-662B-4833-8FD5-F6E09A979434}.Debug|Any CPU.Build.0 = Debug|Any CPU
		{643352E0-662B-4833-8FD5-F6E09A979434}.Release|Any CPU.ActiveCfg = Release|Any CPU
		{643352E0-662B-4833-8FD5-F6E09A979434}.Release|Any CPU.Build.0 = Release|Any CPU
	EndGlobalSection
	GlobalSection(SolutionProperties) = preSolution
		HideSolutionNode = FALSE
	EndGlobalSection
	GlobalSection(ExtensibilityGlobals) = postSolution
		SolutionGuid = {699022BD-3BC6-4867-A27A-E1579C25CC94}
	EndGlobalSection
EndGlobal
